// !$*UTF8*$!
{
	archiveVersion = 1;
	classes = {
	};
	objectVersion = 46;
	objects = {

/* Begin PBXBuildFile section */
		FACF9D531BC44BCC00DF290E /* AppDelegate.swift in Sources */ = {isa = PBXBuildFile; fileRef = FACF9D521BC44BCC00DF290E /* AppDelegate.swift */; };
		FACF9D551BC44BCC00DF290E /* ViewController.swift in Sources */ = {isa = PBXBuildFile; fileRef = FACF9D541BC44BCC00DF290E /* ViewController.swift */; };
		FACF9D581BC44BCC00DF290E /* Main.storyboard in Resources */ = {isa = PBXBuildFile; fileRef = FACF9D561BC44BCC00DF290E /* Main.storyboard */; };
		FACF9D5A1BC44BCC00DF290E /* Assets.xcassets in Resources */ = {isa = PBXBuildFile; fileRef = FACF9D591BC44BCC00DF290E /* Assets.xcassets */; };
		FACF9D5D1BC44BCC00DF290E /* LaunchScreen.storyboard in Resources */ = {isa = PBXBuildFile; fileRef = FACF9D5B1BC44BCC00DF290E /* LaunchScreen.storyboard */; };
/* End PBXBuildFile section */

/* Begin PBXFileReference section */
		FACF9D4F1BC44BCC00DF290E /* autolayout.app */ = {isa = PBXFileReference; explicitFileType = wrapper.application; includeInIndex = 0; path = autolayout.app; sourceTree = BUILT_PRODUCTS_DIR; };
		FACF9D521BC44BCC00DF290E /* AppDelegate.swift */ = {isa = PBXFileReference; lastKnownFileType = sourcecode.swift; path = AppDelegate.swift; sourceTree = "<group>"; };
		FACF9D541BC44BCC00DF290E /* ViewController.swift */ = {isa = PBXFileReference; lastKnownFileType = sourcecode.swift; path = ViewController.swift; sourceTree = "<group>"; };
		FACF9D571BC44BCC00DF290E /* Base */ = {isa = PBXFileReference; lastKnownFileType = file.storyboard; name = Base; path = Base.lproj/Main.storyboard; sourceTree = "<group>"; };
		FACF9D591BC44BCC00DF290E /* Assets.xcassets */ = {isa = PBXFileReference; lastKnownFileType = folder.assetcatalog; path = Assets.xcassets; sourceTree = "<group>"; };
		FACF9D5C1BC44BCC00DF290E /* Base */ = {isa = PBXFileReference; lastKnownFileType = file.storyboard; name = Base; path = Base.lproj/LaunchScreen.storyboard; sourceTree = "<group>"; };
		FACF9D5E1BC44BCC00DF290E /* Info.plist */ = {isa = PBXFileReference; lastKnownFileType = text.plist.xml; path = Info.plist; sourceTree = "<group>"; };
/* End PBXFileReference section */

/* Begin PBXFrameworksBuildPhase section */
		FACF9D4C1BC44BCC00DF290E /* Frameworks */ = {
			isa = PBXFrameworksBuildPhase;
			buildActionMask = 2147483647;
			files = (
			);
			runOnlyForDeploymentPostprocessing = 0;
		};
/* End PBXFrameworksBuildPhase section */

/* Begin PBXGroup section */
		FACF9D461BC44BCC00DF290E = {
			isa = PBXGroup;
			children = (
				FACF9D511BC44BCC00DF290E /* autolayout */,
				FACF9D501BC44BCC00DF290E /* Products */,
			);
			sourceTree = "<group>";
		};
		FACF9D501BC44BCC00DF290E /* Products */ = {
			isa = PBXGroup;
			children = (
				FACF9D4F1BC44BCC00DF290E /* autolayout.app */,
			);
			name = Products;
			sourceTree = "<group>";
		};
		FACF9D511BC44BCC00DF290E /* autolayout */ = {
			isa = PBXGroup;
			children = (
				FACF9D521BC44BCC00DF290E /* AppDelegate.swift */,
				FACF9D541BC44BCC00DF290E /* ViewController.swift */,
				FACF9D561BC44BCC00DF290E /* Main.storyboard */,
				FACF9D591BC44BCC00DF290E /* Assets.xcassets */,
				FACF9D5B1BC44BCC00DF290E /* LaunchScreen.storyboard */,
				FACF9D5E1BC44BCC00DF290E /* Info.plist */,
			);
			path = autolayout;
			sourceTree = "<group>";
		};
/* End PBXGroup section */

/* Begin PBXNativeTarget section */
		FACF9D4E1BC44BCC00DF290E /* autolayout */ = {
			isa = PBXNativeTarget;
			buildConfigurationList = FACF9D611BC44BCC00DF290E /* Build configuration list for PBXNativeTarget "autolayout" */;
			buildPhases = (
				FACF9D4B1BC44BCC00DF290E /* Sources */,
				FACF9D4C1BC44BCC00DF290E /* Frameworks */,
				FACF9D4D1BC44BCC00DF290E /* Resources */,
			);
			buildRules = (
			);
			dependencies = (
			);
			name = autolayout;
			productName = autolayout;
			productReference = FACF9D4F1BC44BCC00DF290E /* autolayout.app */;
			productType = "com.apple.product-type.application";
		};
/* End PBXNativeTarget section */

/* Begin PBXProject section */
		FACF9D471BC44BCC00DF290E /* Project object */ = {
			isa = PBXProject;
			attributes = {
				LastUpgradeCheck = 0700;
				ORGANIZATIONNAME = test;
				TargetAttributes = {
					FACF9D4E1BC44BCC00DF290E = {
						CreatedOnToolsVersion = 7.0.1;
					};
				};
			};
			buildConfigurationList = FACF9D4A1BC44BCC00DF290E /* Build configuration list for PBXProject "autolayout" */;
			compatibilityVersion = "Xcode 3.2";
			developmentRegion = English;
			hasScannedForEncodings = 0;
			knownRegions = (
				en,
				Base,
			);
			mainGroup = FACF9D461BC44BCC00DF290E;
			productRefGroup = FACF9D501BC44BCC00DF290E /* Products */;
			projectDirPath = "";
			projectRoot = "";
			targets = (
				FACF9D4E1BC44BCC00DF290E /* autolayout */,
			);
		};
/* End PBXProject section */

/* Begin PBXResourcesBuildPhase section */
		FACF9D4D1BC44BCC00DF290E /* Resources */ = {
			isa = PBXResourcesBuildPhase;
			buildActionMask = 2147483647;
			files = (
				FACF9D5D1BC44BCC00DF290E /* LaunchScreen.storyboard in Resources */,
				FACF9D5A1BC44BCC00DF290E /* Assets.xcassets in Resources */,
				FACF9D581BC44BCC00DF290E /* Main.storyboard in Resources */,
			);
			runOnlyForDeploymentPostprocessing = 0;
		};
/* End PBXResourcesBuildPhase section */

/* Begin PBXSourcesBuildPhase section */
		FACF9D4B1BC44BCC00DF290E /* Sources */ = {
			isa = PBXSourcesBuildPhase;
			buildActionMask = 2147483647;
			files = (
				FACF9D551BC44BCC00DF290E /* ViewController.swift in Sources */,
				FACF9D531BC44BCC00DF290E /* AppDelegate.swift in Sources */,
			);
			runOnlyForDeploymentPostprocessing = 0;
		};
/* End PBXSourcesBuildPhase section */

/* Begin PBXVariantGroup section */
		FACF9D561BC44BCC00DF290E /* Main.storyboard */ = {
			isa = PBXVariantGroup;
			children = (
				FACF9D571BC44BCC00DF290E /* Base */,
			);
			name = Main.storyboard;
			sourceTree = "<group>";
		};
		FACF9D5B1BC44BCC00DF290E /* LaunchScreen.storyboard */ = {
			isa = PBXVariantGroup;
			children = (
				FACF9D5C1BC44BCC00DF290E /* Base */,
			);
			name = LaunchScreen.storyboard;
			sourceTree = "<group>";
		};
/* End PBXVariantGroup section */

/* Begin XCBuildConfiguration section */
		FACF9D5F1BC44BCC00DF290E /* Debug */ = {
			isa = XCBuildConfiguration;
			buildSettings = {
				ALWAYS_SEARCH_USER_PATHS = NO;
				CLANG_CXX_LANGUAGE_STANDARD = "gnu++0x";
				CLANG_CXX_LIBRARY = "libc++";
				CLANG_ENABLE_MODULES = YES;
				CLANG_ENABLE_OBJC_ARC = YES;
				CLANG_WARN_BOOL_CONVERSION = YES;
				CLANG_WARN_CONSTANT_CONVERSION = YES;
				CLANG_WARN_DIRECT_OBJC_ISA_USAGE = YES_ERROR;
				CLANG_WARN_EMPTY_BODY = YES;
				CLANG_WARN_ENUM_CONVERSION = YES;
				CLANG_WARN_INT_CONVERSION = YES;
				CLANG_WARN_OBJC_ROOT_CLASS = YES_ERROR;
				CLANG_WARN_UNREACHABLE_CODE = YES;
				CLANG_WARN__DUPLICATE_METHOD_MATCH = YES;
				"CODE_SIGN_IDENTITY[sdk=iphoneos*]" = "iPhone Developer";
				COPY_PHASE_STRIP = NO;
				DEBUG_INFORMATION_FORMAT = dwarf;
				ENABLE_STRICT_OBJC_MSGSEND = YES;
				ENABLE_TESTABILITY = YES;
				GCC_C_LANGUAGE_STANDARD = gnu99;
				GCC_DYNAMIC_NO_PIC = NO;
				GCC_NO_COMMON_BLOCKS = YES;
				GCC_OPTIMIZATION_LEVEL = 0;
				GCC_PREPROCESSOR_DEFINITIONS = (
					"DEBUG=1",
					"$(inherited)",
				);
				GCC_WARN_64_TO_32_BIT_CONVERSION = YES;
				GCC_WARN_ABOUT_RETURN_TYPE = YES_ERROR;
				GCC_WARN_UNDECLARED_SELECTOR = YES;
				GCC_WARN_UNINITIALIZED_AUTOS = YES_AGGRESSIVE;
				GCC_WARN_UNUSED_FUNCTION = YES;
				GCC_WARN_UNUSED_VARIABLE = YES;
				IPHONEOS_DEPLOYMENT_TARGET = 9.0;
				MTL_ENABLE_DEBUG_INFO = YES;
				ONLY_ACTIVE_ARCH = YES;
				SDKROOT = iphoneos;
				SWIFT_OPTIMIZATION_LEVEL = "-Onone";
				TARGETED_DEVICE_FAMILY = "1,2";
			};
			name = Debug;
		};
		FACF9D601BC44BCC00DF290E /* Release */ = {
			isa = XCBuildConfiguration;
			buildSettings = {
				ALWAYS_SEARCH_USER_PATHS = NO;
				CLANG_CXX_LANGUAGE_STANDARD = "gnu++0x";
				CLANG_CXX_LIBRARY = "libc++";
				CLANG_ENABLE_MODULES = YES;
				CLANG_ENABLE_OBJC_ARC = YES;
				CLANG_WARN_BOOL_CONVERSION = YES;
				CLANG_WARN_CONSTANT_CONVERSION = YES;
				CLANG_WARN_DIRECT_OBJC_ISA_USAGE = YES_ERROR;
				CLANG_WARN_EMPTY_BODY = YES;
				CLANG_WARN_ENUM_CONVERSION = YES;
				CLANG_WARN_INT_CONVERSION = YES;
				CLANG_WARN_OBJC_ROOT_CLASS = YES_ERROR;
				CLANG_WARN_UNREACHABLE_CODE = YES;
				CLANG_WARN__DUPLICATE_METHOD_MATCH = YES;
				"CODE_SIGN_IDENTITY[sdk=iphoneos*]" = "iPhone Developer";
				COPY_PHASE_STRIP = NO;
				DEBUG_INFORMATION_FORMAT = "dwarf-with-dsym";
				ENABLE_NS_ASSERTIONS = NO;
				ENABLE_STRICT_OBJC_MSGSEND = YES;
				GCC_C_LANGUAGE_STANDARD = gnu99;
				GCC_NO_COMMON_BLOCKS = YES;
				GCC_WARN_64_TO_32_BIT_CONVERSION = YES;
				GCC_WARN_ABOUT_RETURN_TYPE = YES_ERROR;
				GCC_WARN_UNDECLARED_SELECTOR = YES;
				GCC_WARN_UNINITIALIZED_AUTOS = YES_AGGRESSIVE;
				GCC_WARN_UNUSED_FUNCTION = YES;
				GCC_WARN_UNUSED_VARIABLE = YES;
				IPHONEOS_DEPLOYMENT_TARGET = 9.0;
				MTL_ENABLE_DEBUG_INFO = NO;
				SDKROOT = iphoneos;
				TARGETED_DEVICE_FAMILY = "1,2";
				VALIDATE_PRODUCT = YES;
			};
			name = Release;
		};
		FACF9D621BC44BCC00DF290E /* Debug */ = {
			isa = XCBuildConfiguration;
			buildSettings = {
				ASSETCATALOG_COMPILER_APPICON_NAME = AppIcon;
				INFOPLIST_FILE = autolayout/Info.plist;
				LD_RUNPATH_SEARCH_PATHS = "$(inherited) @executable_path/Frameworks";
				PRODUCT_BUNDLE_IDENTIFIER = co.alextorres.autolayout;
				PRODUCT_NAME = "$(TARGET_NAME)";
			};
			name = Debug;
		};
		FACF9D631BC44BCC00DF290E /* Release */ = {
			isa = XCBuildConfiguration;
			buildSettings = {
				ASSETCATALOG_COMPILER_APPICON_NAME = AppIcon;
				INFOPLIST_FILE = autolayout/Info.plist;
				LD_RUNPATH_SEARCH_PATHS = "$(inherited) @executable_path/Frameworks";
				PRODUCT_BUNDLE_IDENTIFIER = co.alextorres.autolayout;
				PRODUCT_NAME = "$(TARGET_NAME)";
			};
			name = Release;
		};
/* End XCBuildConfiguration section */

/* Begin XCConfigurationList section */
		FACF9D4A1BC44BCC00DF290E /* Build configuration list for PBXProject "autolayout" */ = {
			isa = XCConfigurationList;
			buildConfigurations = (
				FACF9D5F1BC44BCC00DF290E /* Debug */,
				FACF9D601BC44BCC00DF290E /* Release */,
			);
			defaultConfigurationIsVisible = 0;
			defaultConfigurationName = Release;
		};
		FACF9D611BC44BCC00DF290E /* Build configuration list for PBXNativeTarget "autolayout" */ = {
			isa = XCConfigurationList;
			buildConfigurations = (
				FACF9D621BC44BCC00DF290E /* Debug */,
				FACF9D631BC44BCC00DF290E /* Release */,
			);
			defaultConfigurationIsVisible = 0;
		};
/* End XCConfigurationList section */
	};
	rootObject = FACF9D471BC44BCC00DF290E /* Project object */;
}
